
Microsoft Visual Studio Solution File, Format Version 12.00
# Visual Studio Version 16
VisualStudioVersion = 16.0.30128.74
MinimumVisualStudioVersion = 10.0.40219.1
Project("{2150E333-8FDC-42A3-9474-1A3956D46DE8}") = "Application", "Application", "{EA1C591E-F545-4214-AA75-FF94E0BE722F}"
EndProject
Project("{2150E333-8FDC-42A3-9474-1A3956D46DE8}") = "Domain", "Domain", "{65E473ED-4039-4902-9A1B-E0D5922CFF87}"
EndProject
Project("{2150E333-8FDC-42A3-9474-1A3956D46DE8}") = "Infrastructure.Data", "Infrastructure.Data", "{2A233ED9-8AA3-4160-BD3A-1A92E494A2F1}"
EndProject
Project("{2150E333-8FDC-42A3-9474-1A3956D46DE8}") = "Infrastructure.IoC", "Infrastructure.IoC", "{A7122486-D8AC-4F55-97B3-C5B0801CA120}"
EndProject
Project("{2150E333-8FDC-42A3-9474-1A3956D46DE8}") = "Presentation", "Presentation", "{FEE8D3EB-1044-4AA7-860C-7188FC9D1860}"
EndProject
Project("{9A19103F-16F7-4668-BE54-9A1E7A4F7556}") = "CleanArchitecture.MVC", "CleanArchitecture.MVC\CleanArchitecture.MVC.csproj", "{4B6589E3-3858-4CA1-A316-7934FB6556E2}"
EndProject
Project("{9A19103F-16F7-4668-BE54-9A1E7A4F7556}") = "CleanArchitecture.Domain", "CleanArchitecture.Domain\CleanArchitecture.Domain.csproj", "{9BF640E9-843C-4505-89EA-D28D30E37045}"
EndProject
Project("{9A19103F-16F7-4668-BE54-9A1E7A4F7556}") = "CleanArchitecture.Infrastructure.Data", "CleanArchitecture.Infrastructure.Data\CleanArchitecture.Infrastructure.Data.csproj", "{8EFA1CBD-F053-44B7-9C65-EBED70888F09}"
EndProject
Project("{FAE04EC0-301F-11D3-BF4B-00C04F79EFBC}") = "CleanArchitecture.Application", "CleanArchitecture.Application\CleanArchitecture.Application.csproj", "{5FA963B4-AF6E-401E-8DC0-01923063F0B7}"
EndProject
Global
	GlobalSection(SolutionConfigurationPlatforms) = preSolution
		Debug|Any CPU = Debug|Any CPU
		Release|Any CPU = Release|Any CPU
	EndGlobalSection
	GlobalSection(ProjectConfigurationPlatforms) = postSolution
		{4B6589E3-3858-4CA1-A316-7934FB6556E2}.Debug|Any CPU.ActiveCfg = Debug|Any CPU
		{4B6589E3-3858-4CA1-A316-7934FB6556E2}.Debug|Any CPU.Build.0 = Debug|Any CPU
		{4B6589E3-3858-4CA1-A316-7934FB6556E2}.Release|Any CPU.ActiveCfg = Release|Any CPU
		{4B6589E3-3858-4CA1-A316-7934FB6556E2}.Release|Any CPU.Build.0 = Release|Any CPU
		{9BF640E9-843C-4505-89EA-D28D30E37045}.Debug|Any CPU.ActiveCfg = Debug|Any CPU
		{9BF640E9-843C-4505-89EA-D28D30E37045}.Debug|Any CPU.Build.0 = Debug|Any CPU
		{9BF640E9-843C-4505-89EA-D28D30E37045}.Release|Any CPU.ActiveCfg = Release|Any CPU
		{9BF640E9-843C-4505-89EA-D28D30E37045}.Release|Any CPU.Build.0 = Release|Any CPU
		{8EFA1CBD-F053-44B7-9C65-EBED70888F09}.Debug|Any CPU.ActiveCfg = Debug|Any CPU
		{8EFA1CBD-F053-44B7-9C65-EBED70888F09}.Debug|Any CPU.Build.0 = Debug|Any CPU
		{8EFA1CBD-F053-44B7-9C65-EBED70888F09}.Release|Any CPU.ActiveCfg = Release|Any CPU
		{8EFA1CBD-F053-44B7-9C65-EBED70888F09}.Release|Any CPU.Build.0 = Release|Any CPU
		{5FA963B4-AF6E-401E-8DC0-01923063F0B7}.Debug|Any CPU.ActiveCfg = Debug|Any CPU
		{5FA963B4-AF6E-401E-8DC0-01923063F0B7}.Debug|Any CPU.Build.0 = Debug|Any CPU
		{5FA963B4-AF6E-401E-8DC0-01923063F0B7}.Release|Any CPU.ActiveCfg = Release|Any CPU
		{5FA963B4-AF6E-401E-8DC0-01923063F0B7}.Release|Any CPU.Build.0 = Release|Any CPU
	EndGlobalSection
	GlobalSection(SolutionProperties) = preSolution
		HideSolutionNode = FALSE
	EndGlobalSection
	GlobalSection(NestedProjects) = preSolution
		{4B6589E3-3858-4CA1-A316-7934FB6556E2} = {FEE8D3EB-1044-4AA7-860C-7188FC9D1860}
		{9BF640E9-843C-4505-89EA-D28D30E37045} = {65E473ED-4039-4902-9A1B-E0D5922CFF87}
		{8EFA1CBD-F053-44B7-9C65-EBED70888F09} = {2A233ED9-8AA3-4160-BD3A-1A92E494A2F1}
		{5FA963B4-AF6E-401E-8DC0-01923063F0B7} = {EA1C591E-F545-4214-AA75-FF94E0BE722F}
	EndGlobalSection
	GlobalSection(ExtensibilityGlobals) = postSolution
		SolutionGuid = {0EC5DE02-3C22-4138-B4C7-441BCCC533C2}
	EndGlobalSection
EndGlobal
