
Microsoft Visual Studio Solution File, Format Version 12.00
# Visual Studio Version 16
VisualStudioVersion = 16.0.30128.74
MinimumVisualStudioVersion = 10.0.40219.1
Project("{2150E333-8FDC-42A3-9474-1A3956D46DE8}") = "CleanArchitecture.Application", "CleanArchitecture.Application", "{EA1C591E-F545-4214-AA75-FF94E0BE722F}"
EndProject
Project("{2150E333-8FDC-42A3-9474-1A3956D46DE8}") = "CleanArchitecture.Domain", "CleanArchitecture.Domain", "{65E473ED-4039-4902-9A1B-E0D5922CFF87}"
EndProject
Project("{2150E333-8FDC-42A3-9474-1A3956D46DE8}") = "CleanArchitecture.Infrastructure.Data", "CleanArchitecture.Infrastructure.Data", "{2A233ED9-8AA3-4160-BD3A-1A92E494A2F1}"
EndProject
Project("{2150E333-8FDC-42A3-9474-1A3956D46DE8}") = "CleanArchitecture.Infrastructure.IoC", "CleanArchitecture.Infrastructure.IoC", "{A7122486-D8AC-4F55-97B3-C5B0801CA120}"
EndProject
Project("{2150E333-8FDC-42A3-9474-1A3956D46DE8}") = "CleanArchitecture.UI.MVC", "CleanArchitecture.UI.MVC", "{FEE8D3EB-1044-4AA7-860C-7188FC9D1860}"
EndProject
Project("{FAE04EC0-301F-11D3-BF4B-00C04F79EFBC}") = "CleanArchitecture.MVC", "CleanArchitecture.MVC\CleanArchitecture.MVC.csproj", "{4B6589E3-3858-4CA1-A316-7934FB6556E2}"
EndProject
Global
	GlobalSection(SolutionConfigurationPlatforms) = preSolution
		Debug|Any CPU = Debug|Any CPU
		Release|Any CPU = Release|Any CPU
	EndGlobalSection
	GlobalSection(ProjectConfigurationPlatforms) = postSolution
		{4B6589E3-3858-4CA1-A316-7934FB6556E2}.Debug|Any CPU.ActiveCfg = Debug|Any CPU
		{4B6589E3-3858-4CA1-A316-7934FB6556E2}.Debug|Any CPU.Build.0 = Debug|Any CPU
		{4B6589E3-3858-4CA1-A316-7934FB6556E2}.Release|Any CPU.ActiveCfg = Release|Any CPU
		{4B6589E3-3858-4CA1-A316-7934FB6556E2}.Release|Any CPU.Build.0 = Release|Any CPU
	EndGlobalSection
	GlobalSection(SolutionProperties) = preSolution
		HideSolutionNode = FALSE
	EndGlobalSection
	GlobalSection(NestedProjects) = preSolution
		{4B6589E3-3858-4CA1-A316-7934FB6556E2} = {FEE8D3EB-1044-4AA7-860C-7188FC9D1860}
	EndGlobalSection
	GlobalSection(ExtensibilityGlobals) = postSolution
		SolutionGuid = {0EC5DE02-3C22-4138-B4C7-441BCCC533C2}
	EndGlobalSection
EndGlobal
